// !$*UTF8*$!
{
	archiveVersion = 1;
	classes = {
	};
	objectVersion = 55;
	objects = {

/* Begin PBXBuildFile section */
		6B1DD4C32906215C0078C487 /* TabView_UITests.swift in Sources */ = {isa = PBXBuildFile; fileRef = 6B1DD4C22906215C0078C487 /* TabView_UITests.swift */; };
		6B1DD4C5290621C30078C487 /* ToDoList_UITests.swift in Sources */ = {isa = PBXBuildFile; fileRef = 6B1DD4C4290621C30078C487 /* ToDoList_UITests.swift */; };
		6B1DD4C7290622FC0078C487 /* PetViewModel_Tests.swift in Sources */ = {isa = PBXBuildFile; fileRef = 6B1DD4C6290622FC0078C487 /* PetViewModel_Tests.swift */; };
		6B20B6A628D9445600E0BE9A /* CapstoneProjectMeowWoofApp.swift in Sources */ = {isa = PBXBuildFile; fileRef = 6B20B6A528D9445600E0BE9A /* CapstoneProjectMeowWoofApp.swift */; };
		6B20B6AA28D9445800E0BE9A /* Assets.xcassets in Resources */ = {isa = PBXBuildFile; fileRef = 6B20B6A928D9445800E0BE9A /* Assets.xcassets */; };
		6B20B6AD28D9445800E0BE9A /* Preview Assets.xcassets in Resources */ = {isa = PBXBuildFile; fileRef = 6B20B6AC28D9445800E0BE9A /* Preview Assets.xcassets */; };
		6B20B6B528D9446F00E0BE9A /* PetModel.swift in Sources */ = {isa = PBXBuildFile; fileRef = 6B20B6B428D9446F00E0BE9A /* PetModel.swift */; };
		6B20B6B728D9447700E0BE9A /* Helpers.swift in Sources */ = {isa = PBXBuildFile; fileRef = 6B20B6B628D9447700E0BE9A /* Helpers.swift */; };
		6B20B6B928D9447C00E0BE9A /* TabInfoModel.swift in Sources */ = {isa = PBXBuildFile; fileRef = 6B20B6B828D9447C00E0BE9A /* TabInfoModel.swift */; };
		6B20B6BB28D9448200E0BE9A /* ItemModel.swift in Sources */ = {isa = PBXBuildFile; fileRef = 6B20B6BA28D9448200E0BE9A /* ItemModel.swift */; };
		6B20B6BD28D9448900E0BE9A /* ListViewModel.swift in Sources */ = {isa = PBXBuildFile; fileRef = 6B20B6BC28D9448900E0BE9A /* ListViewModel.swift */; };
		6B20B6D828D9449900E0BE9A /* PetDetailDataIconView.swift in Sources */ = {isa = PBXBuildFile; fileRef = 6B20B6C328D9449900E0BE9A /* PetDetailDataIconView.swift */; };
		6B20B6D928D9449900E0BE9A /* PetDetailRoundedView.swift in Sources */ = {isa = PBXBuildFile; fileRef = 6B20B6C428D9449900E0BE9A /* PetDetailRoundedView.swift */; };
		6B20B6DA28D9449900E0BE9A /* AddNewItemView.swift in Sources */ = {isa = PBXBuildFile; fileRef = 6B20B6C528D9449900E0BE9A /* AddNewItemView.swift */; };
		6B20B6DB28D9449900E0BE9A /* ToDoListView.swift in Sources */ = {isa = PBXBuildFile; fileRef = 6B20B6C628D9449900E0BE9A /* ToDoListView.swift */; };
		6B20B6DD28D9449900E0BE9A /* PetTabView.swift in Sources */ = {isa = PBXBuildFile; fileRef = 6B20B6C828D9449900E0BE9A /* PetTabView.swift */; };
		6B20B6E228D9449900E0BE9A /* HealthJournalView.swift in Sources */ = {isa = PBXBuildFile; fileRef = 6B20B6CD28D9449900E0BE9A /* HealthJournalView.swift */; };
		6B20B6E328D9449900E0BE9A /* NoItemsAddedView.swift in Sources */ = {isa = PBXBuildFile; fileRef = 6B20B6CE28D9449900E0BE9A /* NoItemsAddedView.swift */; };
		6B20B6E428D9449900E0BE9A /* PetListView.swift in Sources */ = {isa = PBXBuildFile; fileRef = 6B20B6CF28D9449900E0BE9A /* PetListView.swift */; };
		6B20B6E528D9449900E0BE9A /* PetDetailView.swift in Sources */ = {isa = PBXBuildFile; fileRef = 6B20B6D028D9449900E0BE9A /* PetDetailView.swift */; };
		6B20B6E628D9449900E0BE9A /* MedicalRecordRowView.swift in Sources */ = {isa = PBXBuildFile; fileRef = 6B20B6D128D9449900E0BE9A /* MedicalRecordRowView.swift */; };
		6B20B6EA28D9449900E0BE9A /* MedicalRecordView.swift in Sources */ = {isa = PBXBuildFile; fileRef = 6B20B6D528D9449900E0BE9A /* MedicalRecordView.swift */; };
		6B20B6EC28D944A200E0BE9A /* Extensions.swift in Sources */ = {isa = PBXBuildFile; fileRef = 6B20B6EB28D944A200E0BE9A /* Extensions.swift */; };
		6B2150C828FCCD2300CF21C4 /* SDWebImageSwiftUI in Frameworks */ = {isa = PBXBuildFile; productRef = 6B2150C728FCCD2300CF21C4 /* SDWebImageSwiftUI */; };
		6B2150CA28FCCD9C00CF21C4 /* TheCatView.swift in Sources */ = {isa = PBXBuildFile; fileRef = 6B2150C928FCCD9C00CF21C4 /* TheCatView.swift */; };
		6B2150CD28FCCDB600CF21C4 /* TheCatDownloadAsyncViewModel.swift in Sources */ = {isa = PBXBuildFile; fileRef = 6B2150CB28FCCDB600CF21C4 /* TheCatDownloadAsyncViewModel.swift */; };
		6B2150CE28FCCDB600CF21C4 /* TheCatFileManagerViewModel.swift in Sources */ = {isa = PBXBuildFile; fileRef = 6B2150CC28FCCDB600CF21C4 /* TheCatFileManagerViewModel.swift */; };
		6B2150D028FCCDCD00CF21C4 /* DownloadAsyncManager.swift in Sources */ = {isa = PBXBuildFile; fileRef = 6B2150CF28FCCDCD00CF21C4 /* DownloadAsyncManager.swift */; };
		6B2150D228FCCDD600CF21C4 /* TheCatModel.swift in Sources */ = {isa = PBXBuildFile; fileRef = 6B2150D128FCCDD600CF21C4 /* TheCatModel.swift */; };
		6B2150D928FCCE0000CF21C4 /* TheCat+CoreDataClass.swift in Sources */ = {isa = PBXBuildFile; fileRef = 6B2150D428FCCE0000CF21C4 /* TheCat+CoreDataClass.swift */; };
		6B2150DA28FCCE0000CF21C4 /* Persistence.swift in Sources */ = {isa = PBXBuildFile; fileRef = 6B2150D528FCCE0000CF21C4 /* Persistence.swift */; };
		6B2150DB28FCCE0000CF21C4 /* TheCat+CoreDataProperties.swift in Sources */ = {isa = PBXBuildFile; fileRef = 6B2150D628FCCE0000CF21C4 /* TheCat+CoreDataProperties.swift */; };
		6B2150DC28FCCE0000CF21C4 /* TheCat.xcdatamodeld in Sources */ = {isa = PBXBuildFile; fileRef = 6B2150D728FCCE0000CF21C4 /* TheCat.xcdatamodeld */; };
		6B445B2D28E8FA0700CAAA8C /* ImagePicker.swift in Sources */ = {isa = PBXBuildFile; fileRef = 6B445B2C28E8FA0700CAAA8C /* ImagePicker.swift */; };
		6B445B3628EA26B200CAAA8C /* FirebaseManager.swift in Sources */ = {isa = PBXBuildFile; fileRef = 6B445B3528EA26B200CAAA8C /* FirebaseManager.swift */; };
		6B445B3828EA321900CAAA8C /* MainMessageView.swift in Sources */ = {isa = PBXBuildFile; fileRef = 6B445B3728EA321900CAAA8C /* MainMessageView.swift */; };
		6B607C6B28E8EA2400C44D55 /* HealthJournalRowView.swift in Sources */ = {isa = PBXBuildFile; fileRef = 6B607C6A28E8EA2400C44D55 /* HealthJournalRowView.swift */; };
		6B607C6F28E8EA6200C44D55 /* ToDoListRowView.swift in Sources */ = {isa = PBXBuildFile; fileRef = 6B607C6E28E8EA6200C44D55 /* ToDoListRowView.swift */; };
		6B607C7128E8EA7C00C44D55 /* PetListRowView.swift in Sources */ = {isa = PBXBuildFile; fileRef = 6B607C7028E8EA7C00C44D55 /* PetListRowView.swift */; };
		6B6F2E6028DF859000D7363B /* PetViewModel.swift in Sources */ = {isa = PBXBuildFile; fileRef = 6B6F2E5F28DF859000D7363B /* PetViewModel.swift */; };
		6B6F2E6728DF8C5F00D7363B /* SoundManager.swift in Sources */ = {isa = PBXBuildFile; fileRef = 6B6F2E6628DF8C5F00D7363B /* SoundManager.swift */; };
		6B6F2E8028DF934400D7363B /* notification.mp3 in Resources */ = {isa = PBXBuildFile; fileRef = 6B6F2E7F28DF934400D7363B /* notification.mp3 */; };
		6B6F2E8228DF937500D7363B /* Ding.mp3 in Resources */ = {isa = PBXBuildFile; fileRef = 6B6F2E8128DF937500D7363B /* Ding.mp3 */; };
		6B7F15BD28F9E3B200C4140F /* MainMessageModel.swift in Sources */ = {isa = PBXBuildFile; fileRef = 6B7F15BC28F9E3B200C4140F /* MainMessageModel.swift */; };
		6B7F15BF28F9E5E500C4140F /* NewMessageChatViewModel.swift in Sources */ = {isa = PBXBuildFile; fileRef = 6B7F15BE28F9E5E500C4140F /* NewMessageChatViewModel.swift */; };
		6B7F15C228F9E6D400C4140F /* FirebaseConstants.swift in Sources */ = {isa = PBXBuildFile; fileRef = 6B7F15C128F9E6D400C4140F /* FirebaseConstants.swift */; };
		6B7F15C428F9E73400C4140F /* ChatMessageModel.swift in Sources */ = {isa = PBXBuildFile; fileRef = 6B7F15C328F9E73400C4140F /* ChatMessageModel.swift */; };
		6B7F15C628F9E7DC00C4140F /* ChatLoginViewModel.swift in Sources */ = {isa = PBXBuildFile; fileRef = 6B7F15C528F9E7DC00C4140F /* ChatLoginViewModel.swift */; };
		6B8AE3F928E88721006F2039 /* CreateAccountView.swift in Sources */ = {isa = PBXBuildFile; fileRef = 6B8AE3F828E88721006F2039 /* CreateAccountView.swift */; };
		6B8AE40228E8DE33006F2039 /* GoogleService-Info.plist in Resources */ = {isa = PBXBuildFile; fileRef = 6B8AE40128E8DE33006F2039 /* GoogleService-Info.plist */; };
		6B935E9028F1A48E00D06D73 /* LaunchScreenView.swift in Sources */ = {isa = PBXBuildFile; fileRef = 6B935E8F28F1A48E00D06D73 /* LaunchScreenView.swift */; };
		6B935E9228F1A8C000D06D73 /* LaunchScreenManager.swift in Sources */ = {isa = PBXBuildFile; fileRef = 6B935E9128F1A8C000D06D73 /* LaunchScreenManager.swift */; };
		6BB9A29A29043F35008945BF /* PetGenderView.swift in Sources */ = {isa = PBXBuildFile; fileRef = 6BB9A29929043F35008945BF /* PetGenderView.swift */; };
		6BB9A29C29044039008945BF /* PetGenderRowView.swift in Sources */ = {isa = PBXBuildFile; fileRef = 6BB9A29B29044039008945BF /* PetGenderRowView.swift */; };
		6BB9A29E29044DF1008945BF /* PetInfoListView.swift in Sources */ = {isa = PBXBuildFile; fileRef = 6BB9A29D29044DF1008945BF /* PetInfoListView.swift */; };
		6BB9A2A029045B65008945BF /* PetFavoritesListView.swift in Sources */ = {isa = PBXBuildFile; fileRef = 6BB9A29F29045B65008945BF /* PetFavoritesListView.swift */; };
		6BB9A2A329047360008945BF /* SettingsView.swift in Sources */ = {isa = PBXBuildFile; fileRef = 6BB9A2A229047360008945BF /* SettingsView.swift */; };
		6BB9A2A52904772E008945BF /* SettingsRowView.swift in Sources */ = {isa = PBXBuildFile; fileRef = 6BB9A2A42904772E008945BF /* SettingsRowView.swift */; };
		6BC0536C28F1F1D700436AA6 /* DownloadingImageViewModel.swift in Sources */ = {isa = PBXBuildFile; fileRef = 6BC0536B28F1F1D700436AA6 /* DownloadingImageViewModel.swift */; };
		6BD39CBC29060DF5008EA741 /* CapstoneProjectMeowWoof_Tests.swift in Sources */ = {isa = PBXBuildFile; fileRef = 6BD39CBB29060DF5008EA741 /* CapstoneProjectMeowWoof_Tests.swift */; };
		6BD39CCD2906178B008EA741 /* CapstoneProjectMeowWoof_UITests.swift in Sources */ = {isa = PBXBuildFile; fileRef = 6BD39CCC2906178B008EA741 /* CapstoneProjectMeowWoof_UITests.swift */; };
		6BD39CCF2906178B008EA741 /* CapstoneProjectMeowWoof_UITestsLaunchTests.swift in Sources */ = {isa = PBXBuildFile; fileRef = 6BD39CCE2906178B008EA741 /* CapstoneProjectMeowWoof_UITestsLaunchTests.swift */; };
		6BD39CD62906180B008EA741 /* AnimalListView_UITests.swift in Sources */ = {isa = PBXBuildFile; fileRef = 6BD39CD52906180B008EA741 /* AnimalListView_UITests.swift */; };
		6BF06F9D28EB65250030BFAE /* ChatUser.swift in Sources */ = {isa = PBXBuildFile; fileRef = 6BF06F9C28EB65240030BFAE /* ChatUser.swift */; };
		6BF06F9F28EB69690030BFAE /* NewMessageChatView.swift in Sources */ = {isa = PBXBuildFile; fileRef = 6BF06F9E28EB69690030BFAE /* NewMessageChatView.swift */; };
		6BF06FA128EB85600030BFAE /* MainMessagesViewModel.swift in Sources */ = {isa = PBXBuildFile; fileRef = 6BF06FA028EB85600030BFAE /* MainMessagesViewModel.swift */; };
		6BF06FA328EB87820030BFAE /* ChatLoginView.swift in Sources */ = {isa = PBXBuildFile; fileRef = 6BF06FA228EB87820030BFAE /* ChatLoginView.swift */; };
		6BFB13702906197900AC8C92 /* CreatePetProcess_UITests.swift in Sources */ = {isa = PBXBuildFile; fileRef = 6BFB136F2906197900AC8C92 /* CreatePetProcess_UITests.swift */; };
		6BFF054628DFA96D0059712A /* Iterator.swift in Sources */ = {isa = PBXBuildFile; fileRef = 6BFF054528DFA96D0059712A /* Iterator.swift */; };
		6BFF054928DFBA300059712A /* AddingNameView.swift in Sources */ = {isa = PBXBuildFile; fileRef = 6BFF054828DFBA300059712A /* AddingNameView.swift */; };
		6BFF054B28DFCACF0059712A /* PetTypeView.swift in Sources */ = {isa = PBXBuildFile; fileRef = 6BFF054A28DFCACF0059712A /* PetTypeView.swift */; };
		6BFF054D28DFDCE80059712A /* PetTypeRowView.swift in Sources */ = {isa = PBXBuildFile; fileRef = 6BFF054C28DFDCE80059712A /* PetTypeRowView.swift */; };
		6BFF055228E0DB340059712A /* PhotoHomeView.swift in Sources */ = {isa = PBXBuildFile; fileRef = 6BFF055128E0DB340059712A /* PhotoHomeView.swift */; };
/* End PBXBuildFile section */

/* Begin PBXContainerItemProxy section */
		6BD39CBD29060DF5008EA741 /* PBXContainerItemProxy */ = {
			isa = PBXContainerItemProxy;
			containerPortal = 6B20B69A28D9445600E0BE9A /* Project object */;
			proxyType = 1;
			remoteGlobalIDString = 6B20B6A128D9445600E0BE9A;
			remoteInfo = CapstoneProjectMeowWoof;
		};
		6BD39CD02906178B008EA741 /* PBXContainerItemProxy */ = {
			isa = PBXContainerItemProxy;
			containerPortal = 6B20B69A28D9445600E0BE9A /* Project object */;
			proxyType = 1;
			remoteGlobalIDString = 6B20B6A128D9445600E0BE9A;
			remoteInfo = CapstoneProjectMeowWoof;
		};
/* End PBXContainerItemProxy section */

/* Begin PBXFileReference section */
		6B1DD4C22906215C0078C487 /* TabView_UITests.swift */ = {isa = PBXFileReference; lastKnownFileType = sourcecode.swift; path = TabView_UITests.swift; sourceTree = "<group>"; };
		6B1DD4C4290621C30078C487 /* ToDoList_UITests.swift */ = {isa = PBXFileReference; lastKnownFileType = sourcecode.swift; path = ToDoList_UITests.swift; sourceTree = "<group>"; };
		6B1DD4C6290622FC0078C487 /* PetViewModel_Tests.swift */ = {isa = PBXFileReference; lastKnownFileType = sourcecode.swift; path = PetViewModel_Tests.swift; sourceTree = "<group>"; };
		6B20B6A228D9445600E0BE9A /* CapstoneProjectMeowWoof.app */ = {isa = PBXFileReference; explicitFileType = wrapper.application; includeInIndex = 0; path = CapstoneProjectMeowWoof.app; sourceTree = BUILT_PRODUCTS_DIR; };
		6B20B6A528D9445600E0BE9A /* CapstoneProjectMeowWoofApp.swift */ = {isa = PBXFileReference; lastKnownFileType = sourcecode.swift; path = CapstoneProjectMeowWoofApp.swift; sourceTree = "<group>"; };
		6B20B6A928D9445800E0BE9A /* Assets.xcassets */ = {isa = PBXFileReference; lastKnownFileType = folder.assetcatalog; path = Assets.xcassets; sourceTree = "<group>"; };
		6B20B6AC28D9445800E0BE9A /* Preview Assets.xcassets */ = {isa = PBXFileReference; lastKnownFileType = folder.assetcatalog; path = "Preview Assets.xcassets"; sourceTree = "<group>"; };
		6B20B6B428D9446F00E0BE9A /* PetModel.swift */ = {isa = PBXFileReference; fileEncoding = 4; lastKnownFileType = sourcecode.swift; path = PetModel.swift; sourceTree = "<group>"; };
		6B20B6B628D9447700E0BE9A /* Helpers.swift */ = {isa = PBXFileReference; fileEncoding = 4; lastKnownFileType = sourcecode.swift; path = Helpers.swift; sourceTree = "<group>"; };
		6B20B6B828D9447C00E0BE9A /* TabInfoModel.swift */ = {isa = PBXFileReference; fileEncoding = 4; lastKnownFileType = sourcecode.swift; path = TabInfoModel.swift; sourceTree = "<group>"; };
		6B20B6BA28D9448200E0BE9A /* ItemModel.swift */ = {isa = PBXFileReference; fileEncoding = 4; lastKnownFileType = sourcecode.swift; path = ItemModel.swift; sourceTree = "<group>"; };
		6B20B6BC28D9448900E0BE9A /* ListViewModel.swift */ = {isa = PBXFileReference; fileEncoding = 4; lastKnownFileType = sourcecode.swift; path = ListViewModel.swift; sourceTree = "<group>"; };
		6B20B6C328D9449900E0BE9A /* PetDetailDataIconView.swift */ = {isa = PBXFileReference; fileEncoding = 4; lastKnownFileType = sourcecode.swift; path = PetDetailDataIconView.swift; sourceTree = "<group>"; };
		6B20B6C428D9449900E0BE9A /* PetDetailRoundedView.swift */ = {isa = PBXFileReference; fileEncoding = 4; lastKnownFileType = sourcecode.swift; path = PetDetailRoundedView.swift; sourceTree = "<group>"; };
		6B20B6C528D9449900E0BE9A /* AddNewItemView.swift */ = {isa = PBXFileReference; fileEncoding = 4; lastKnownFileType = sourcecode.swift; path = AddNewItemView.swift; sourceTree = "<group>"; };
		6B20B6C628D9449900E0BE9A /* ToDoListView.swift */ = {isa = PBXFileReference; fileEncoding = 4; lastKnownFileType = sourcecode.swift; path = ToDoListView.swift; sourceTree = "<group>"; };
		6B20B6C828D9449900E0BE9A /* PetTabView.swift */ = {isa = PBXFileReference; fileEncoding = 4; lastKnownFileType = sourcecode.swift; path = PetTabView.swift; sourceTree = "<group>"; };
		6B20B6CD28D9449900E0BE9A /* HealthJournalView.swift */ = {isa = PBXFileReference; fileEncoding = 4; lastKnownFileType = sourcecode.swift; path = HealthJournalView.swift; sourceTree = "<group>"; };
		6B20B6CE28D9449900E0BE9A /* NoItemsAddedView.swift */ = {isa = PBXFileReference; fileEncoding = 4; lastKnownFileType = sourcecode.swift; path = NoItemsAddedView.swift; sourceTree = "<group>"; };
		6B20B6CF28D9449900E0BE9A /* PetListView.swift */ = {isa = PBXFileReference; fileEncoding = 4; lastKnownFileType = sourcecode.swift; path = PetListView.swift; sourceTree = "<group>"; };
		6B20B6D028D9449900E0BE9A /* PetDetailView.swift */ = {isa = PBXFileReference; fileEncoding = 4; lastKnownFileType = sourcecode.swift; path = PetDetailView.swift; sourceTree = "<group>"; };
		6B20B6D128D9449900E0BE9A /* MedicalRecordRowView.swift */ = {isa = PBXFileReference; fileEncoding = 4; lastKnownFileType = sourcecode.swift; path = MedicalRecordRowView.swift; sourceTree = "<group>"; };
		6B20B6D528D9449900E0BE9A /* MedicalRecordView.swift */ = {isa = PBXFileReference; fileEncoding = 4; lastKnownFileType = sourcecode.swift; path = MedicalRecordView.swift; sourceTree = "<group>"; };
		6B20B6EB28D944A200E0BE9A /* Extensions.swift */ = {isa = PBXFileReference; fileEncoding = 4; lastKnownFileType = sourcecode.swift; path = Extensions.swift; sourceTree = "<group>"; };
		6B2150C928FCCD9C00CF21C4 /* TheCatView.swift */ = {isa = PBXFileReference; fileEncoding = 4; lastKnownFileType = sourcecode.swift; path = TheCatView.swift; sourceTree = "<group>"; };
		6B2150CB28FCCDB600CF21C4 /* TheCatDownloadAsyncViewModel.swift */ = {isa = PBXFileReference; fileEncoding = 4; lastKnownFileType = sourcecode.swift; path = TheCatDownloadAsyncViewModel.swift; sourceTree = "<group>"; };
		6B2150CC28FCCDB600CF21C4 /* TheCatFileManagerViewModel.swift */ = {isa = PBXFileReference; fileEncoding = 4; lastKnownFileType = sourcecode.swift; path = TheCatFileManagerViewModel.swift; sourceTree = "<group>"; };
		6B2150CF28FCCDCD00CF21C4 /* DownloadAsyncManager.swift */ = {isa = PBXFileReference; fileEncoding = 4; lastKnownFileType = sourcecode.swift; path = DownloadAsyncManager.swift; sourceTree = "<group>"; };
		6B2150D128FCCDD600CF21C4 /* TheCatModel.swift */ = {isa = PBXFileReference; fileEncoding = 4; lastKnownFileType = sourcecode.swift; path = TheCatModel.swift; sourceTree = "<group>"; };
		6B2150D428FCCE0000CF21C4 /* TheCat+CoreDataClass.swift */ = {isa = PBXFileReference; fileEncoding = 4; lastKnownFileType = sourcecode.swift; path = "TheCat+CoreDataClass.swift"; sourceTree = "<group>"; };
		6B2150D528FCCE0000CF21C4 /* Persistence.swift */ = {isa = PBXFileReference; fileEncoding = 4; lastKnownFileType = sourcecode.swift; path = Persistence.swift; sourceTree = "<group>"; };
		6B2150D628FCCE0000CF21C4 /* TheCat+CoreDataProperties.swift */ = {isa = PBXFileReference; fileEncoding = 4; lastKnownFileType = sourcecode.swift; path = "TheCat+CoreDataProperties.swift"; sourceTree = "<group>"; };
		6B2150D828FCCE0000CF21C4 /* TheCat.xcdatamodel */ = {isa = PBXFileReference; lastKnownFileType = wrapper.xcdatamodel; path = TheCat.xcdatamodel; sourceTree = "<group>"; };
		6B445B2C28E8FA0700CAAA8C /* ImagePicker.swift */ = {isa = PBXFileReference; lastKnownFileType = sourcecode.swift; path = ImagePicker.swift; sourceTree = "<group>"; };
		6B445B3528EA26B200CAAA8C /* FirebaseManager.swift */ = {isa = PBXFileReference; lastKnownFileType = sourcecode.swift; path = FirebaseManager.swift; sourceTree = "<group>"; };
		6B445B3728EA321900CAAA8C /* MainMessageView.swift */ = {isa = PBXFileReference; lastKnownFileType = sourcecode.swift; path = MainMessageView.swift; sourceTree = "<group>"; };
		6B607C6A28E8EA2400C44D55 /* HealthJournalRowView.swift */ = {isa = PBXFileReference; fileEncoding = 4; lastKnownFileType = sourcecode.swift; path = HealthJournalRowView.swift; sourceTree = "<group>"; };
		6B607C6E28E8EA6200C44D55 /* ToDoListRowView.swift */ = {isa = PBXFileReference; fileEncoding = 4; lastKnownFileType = sourcecode.swift; path = ToDoListRowView.swift; sourceTree = "<group>"; };
		6B607C7028E8EA7C00C44D55 /* PetListRowView.swift */ = {isa = PBXFileReference; fileEncoding = 4; lastKnownFileType = sourcecode.swift; path = PetListRowView.swift; sourceTree = "<group>"; };
		6B6F2E5F28DF859000D7363B /* PetViewModel.swift */ = {isa = PBXFileReference; lastKnownFileType = sourcecode.swift; path = PetViewModel.swift; sourceTree = "<group>"; };
		6B6F2E6628DF8C5F00D7363B /* SoundManager.swift */ = {isa = PBXFileReference; lastKnownFileType = sourcecode.swift; path = SoundManager.swift; sourceTree = "<group>"; };
		6B6F2E7F28DF934400D7363B /* notification.mp3 */ = {isa = PBXFileReference; lastKnownFileType = audio.mp3; path = notification.mp3; sourceTree = "<group>"; };
		6B6F2E8128DF937500D7363B /* Ding.mp3 */ = {isa = PBXFileReference; lastKnownFileType = audio.mp3; path = Ding.mp3; sourceTree = "<group>"; };
		6B7F15BC28F9E3B200C4140F /* MainMessageModel.swift */ = {isa = PBXFileReference; lastKnownFileType = sourcecode.swift; path = MainMessageModel.swift; sourceTree = "<group>"; };
		6B7F15BE28F9E5E500C4140F /* NewMessageChatViewModel.swift */ = {isa = PBXFileReference; lastKnownFileType = sourcecode.swift; path = NewMessageChatViewModel.swift; sourceTree = "<group>"; };
		6B7F15C128F9E6D400C4140F /* FirebaseConstants.swift */ = {isa = PBXFileReference; lastKnownFileType = sourcecode.swift; path = FirebaseConstants.swift; sourceTree = "<group>"; };
		6B7F15C328F9E73400C4140F /* ChatMessageModel.swift */ = {isa = PBXFileReference; lastKnownFileType = sourcecode.swift; path = ChatMessageModel.swift; sourceTree = "<group>"; };
		6B7F15C528F9E7DC00C4140F /* ChatLoginViewModel.swift */ = {isa = PBXFileReference; lastKnownFileType = sourcecode.swift; path = ChatLoginViewModel.swift; sourceTree = "<group>"; };
		6B8AE3F828E88721006F2039 /* CreateAccountView.swift */ = {isa = PBXFileReference; lastKnownFileType = sourcecode.swift; path = CreateAccountView.swift; sourceTree = "<group>"; };
		6B8AE40128E8DE33006F2039 /* GoogleService-Info.plist */ = {isa = PBXFileReference; fileEncoding = 4; lastKnownFileType = text.plist.xml; path = "GoogleService-Info.plist"; sourceTree = "<group>"; };
		6B935E8D28F19FB400D06D73 /* Info.plist */ = {isa = PBXFileReference; lastKnownFileType = text.plist.xml; path = Info.plist; sourceTree = "<group>"; };
		6B935E8F28F1A48E00D06D73 /* LaunchScreenView.swift */ = {isa = PBXFileReference; lastKnownFileType = sourcecode.swift; path = LaunchScreenView.swift; sourceTree = "<group>"; };
		6B935E9128F1A8C000D06D73 /* LaunchScreenManager.swift */ = {isa = PBXFileReference; lastKnownFileType = sourcecode.swift; path = LaunchScreenManager.swift; sourceTree = "<group>"; };
		6BB9A29929043F35008945BF /* PetGenderView.swift */ = {isa = PBXFileReference; lastKnownFileType = sourcecode.swift; path = PetGenderView.swift; sourceTree = "<group>"; };
		6BB9A29B29044039008945BF /* PetGenderRowView.swift */ = {isa = PBXFileReference; lastKnownFileType = sourcecode.swift; path = PetGenderRowView.swift; sourceTree = "<group>"; };
		6BB9A29D29044DF1008945BF /* PetInfoListView.swift */ = {isa = PBXFileReference; lastKnownFileType = sourcecode.swift; path = PetInfoListView.swift; sourceTree = "<group>"; };
		6BB9A29F29045B65008945BF /* PetFavoritesListView.swift */ = {isa = PBXFileReference; lastKnownFileType = sourcecode.swift; path = PetFavoritesListView.swift; sourceTree = "<group>"; };
		6BB9A2A229047360008945BF /* SettingsView.swift */ = {isa = PBXFileReference; lastKnownFileType = sourcecode.swift; path = SettingsView.swift; sourceTree = "<group>"; };
		6BB9A2A42904772E008945BF /* SettingsRowView.swift */ = {isa = PBXFileReference; lastKnownFileType = sourcecode.swift; path = SettingsRowView.swift; sourceTree = "<group>"; };
		6BC0536B28F1F1D700436AA6 /* DownloadingImageViewModel.swift */ = {isa = PBXFileReference; lastKnownFileType = sourcecode.swift; path = DownloadingImageViewModel.swift; sourceTree = "<group>"; };
		6BD39CB929060DF5008EA741 /* CapstoneProjectMeowWoof_Tests.xctest */ = {isa = PBXFileReference; explicitFileType = wrapper.cfbundle; includeInIndex = 0; path = CapstoneProjectMeowWoof_Tests.xctest; sourceTree = BUILT_PRODUCTS_DIR; };
		6BD39CBB29060DF5008EA741 /* CapstoneProjectMeowWoof_Tests.swift */ = {isa = PBXFileReference; lastKnownFileType = sourcecode.swift; path = CapstoneProjectMeowWoof_Tests.swift; sourceTree = "<group>"; };
		6BD39CCA2906178B008EA741 /* CapstoneProjectMeowWoof_UITests.xctest */ = {isa = PBXFileReference; explicitFileType = wrapper.cfbundle; includeInIndex = 0; path = CapstoneProjectMeowWoof_UITests.xctest; sourceTree = BUILT_PRODUCTS_DIR; };
		6BD39CCC2906178B008EA741 /* CapstoneProjectMeowWoof_UITests.swift */ = {isa = PBXFileReference; lastKnownFileType = sourcecode.swift; path = CapstoneProjectMeowWoof_UITests.swift; sourceTree = "<group>"; };
		6BD39CCE2906178B008EA741 /* CapstoneProjectMeowWoof_UITestsLaunchTests.swift */ = {isa = PBXFileReference; lastKnownFileType = sourcecode.swift; path = CapstoneProjectMeowWoof_UITestsLaunchTests.swift; sourceTree = "<group>"; };
		6BD39CD52906180B008EA741 /* AnimalListView_UITests.swift */ = {isa = PBXFileReference; lastKnownFileType = sourcecode.swift; path = AnimalListView_UITests.swift; sourceTree = "<group>"; };
		6BF06F9C28EB65240030BFAE /* ChatUser.swift */ = {isa = PBXFileReference; lastKnownFileType = sourcecode.swift; path = ChatUser.swift; sourceTree = "<group>"; };
		6BF06F9E28EB69690030BFAE /* NewMessageChatView.swift */ = {isa = PBXFileReference; lastKnownFileType = sourcecode.swift; path = NewMessageChatView.swift; sourceTree = "<group>"; };
		6BF06FA028EB85600030BFAE /* MainMessagesViewModel.swift */ = {isa = PBXFileReference; lastKnownFileType = sourcecode.swift; path = MainMessagesViewModel.swift; sourceTree = "<group>"; };
		6BF06FA228EB87820030BFAE /* ChatLoginView.swift */ = {isa = PBXFileReference; lastKnownFileType = sourcecode.swift; path = ChatLoginView.swift; sourceTree = "<group>"; };
		6BFB136F2906197900AC8C92 /* CreatePetProcess_UITests.swift */ = {isa = PBXFileReference; lastKnownFileType = sourcecode.swift; path = CreatePetProcess_UITests.swift; sourceTree = "<group>"; };
		6BFF054528DFA96D0059712A /* Iterator.swift */ = {isa = PBXFileReference; lastKnownFileType = sourcecode.swift; path = Iterator.swift; sourceTree = "<group>"; };
		6BFF054828DFBA300059712A /* AddingNameView.swift */ = {isa = PBXFileReference; lastKnownFileType = sourcecode.swift; path = AddingNameView.swift; sourceTree = "<group>"; };
		6BFF054A28DFCACF0059712A /* PetTypeView.swift */ = {isa = PBXFileReference; lastKnownFileType = sourcecode.swift; path = PetTypeView.swift; sourceTree = "<group>"; };
		6BFF054C28DFDCE80059712A /* PetTypeRowView.swift */ = {isa = PBXFileReference; lastKnownFileType = sourcecode.swift; path = PetTypeRowView.swift; sourceTree = "<group>"; };
		6BFF055128E0DB340059712A /* PhotoHomeView.swift */ = {isa = PBXFileReference; lastKnownFileType = sourcecode.swift; path = PhotoHomeView.swift; sourceTree = "<group>"; };
/* End PBXFileReference section */

/* Begin PBXFrameworksBuildPhase section */
		6B20B69F28D9445600E0BE9A /* Frameworks */ = {
			isa = PBXFrameworksBuildPhase;
			buildActionMask = 2147483647;
			files = (
				6B2150C828FCCD2300CF21C4 /* SDWebImageSwiftUI in Frameworks */,
			);
			runOnlyForDeploymentPostprocessing = 0;
		};
		6BD39CB629060DF5008EA741 /* Frameworks */ = {
			isa = PBXFrameworksBuildPhase;
			buildActionMask = 2147483647;
			files = (
			);
			runOnlyForDeploymentPostprocessing = 0;
		};
		6BD39CC72906178B008EA741 /* Frameworks */ = {
			isa = PBXFrameworksBuildPhase;
			buildActionMask = 2147483647;
			files = (
			);
			runOnlyForDeploymentPostprocessing = 0;
		};
/* End PBXFrameworksBuildPhase section */

/* Begin PBXGroup section */
		6B20B69928D9445600E0BE9A = {
			isa = PBXGroup;
			children = (
				6B20B6A428D9445600E0BE9A /* CapstoneProjectMeowWoof */,
				6BD39CBA29060DF5008EA741 /* CapstoneProjectMeowWoof_Tests */,
				6BD39CCB2906178B008EA741 /* CapstoneProjectMeowWoof_UITests */,
				6B20B6A328D9445600E0BE9A /* Products */,
			);
			sourceTree = "<group>";
		};
		6B20B6A328D9445600E0BE9A /* Products */ = {
			isa = PBXGroup;
			children = (
				6B20B6A228D9445600E0BE9A /* CapstoneProjectMeowWoof.app */,
				6BD39CB929060DF5008EA741 /* CapstoneProjectMeowWoof_Tests.xctest */,
				6BD39CCA2906178B008EA741 /* CapstoneProjectMeowWoof_UITests.xctest */,
			);
			name = Products;
			sourceTree = "<group>";
		};
		6B20B6A428D9445600E0BE9A /* CapstoneProjectMeowWoof */ = {
			isa = PBXGroup;
			children = (
				6B20B6A528D9445600E0BE9A /* CapstoneProjectMeowWoofApp.swift */,
				6B935E8D28F19FB400D06D73 /* Info.plist */,
				6B6F2E5E28DF856700D7363B /* ViewModel */,
				6B20B6C028D9449900E0BE9A /* Views */,
				6B20B6B328D9446600E0BE9A /* Models */,
				6B7F15C928F9F4A300C4140F /* Utilities */,
				6B20B6AB28D9445800E0BE9A /* Preview Content */,
			);
			path = CapstoneProjectMeowWoof;
			sourceTree = "<group>";
		};
		6B20B6AB28D9445800E0BE9A /* Preview Content */ = {
			isa = PBXGroup;
			children = (
				6B8AE40128E8DE33006F2039 /* GoogleService-Info.plist */,
				6B20B6A928D9445800E0BE9A /* Assets.xcassets */,
				6B20B6AC28D9445800E0BE9A /* Preview Assets.xcassets */,
			);
			path = "Preview Content";
			sourceTree = "<group>";
		};
		6B20B6B328D9446600E0BE9A /* Models */ = {
			isa = PBXGroup;
			children = (
				6B20B6B428D9446F00E0BE9A /* PetModel.swift */,
				6B2150D128FCCDD600CF21C4 /* TheCatModel.swift */,
				6B20B6B628D9447700E0BE9A /* Helpers.swift */,
				6B20B6B828D9447C00E0BE9A /* TabInfoModel.swift */,
				6B20B6BA28D9448200E0BE9A /* ItemModel.swift */,
				6B935E9128F1A8C000D06D73 /* LaunchScreenManager.swift */,
				6B7F15BC28F9E3B200C4140F /* MainMessageModel.swift */,
				6B7F15C328F9E73400C4140F /* ChatMessageModel.swift */,
			);
			path = Models;
			sourceTree = "<group>";
		};
		6B20B6C028D9449900E0BE9A /* Views */ = {
			isa = PBXGroup;
			children = (
				6BB9A2A12904734B008945BF /* Settings */,
				6B935E8E28F1A47000D06D73 /* LauchScreenSubView */,
				6B6F2E5C28DF465C00D7363B /* PetTabSubview */,
				6B445B2928E8EFC500CAAA8C /* PetLoginSubview */,
				6BFF054728DFB9FC0059712A /* AnimalHomeSubview */,
				6B6F2E5B28DF45FA00D7363B /* ToDoListSubview */,
				6B6F2E5928DF453B00D7363B /* HealthSubview */,
				6B6F2E5628DF446200D7363B /* PetDetailSubview */,
			);
			path = Views;
			sourceTree = "<group>";
		};
		6B2150D328FCCDEB00CF21C4 /* CoreDataViewModel */ = {
			isa = PBXGroup;
			children = (
				6B2150D528FCCE0000CF21C4 /* Persistence.swift */,
				6B2150D728FCCE0000CF21C4 /* TheCat.xcdatamodeld */,
				6B2150D428FCCE0000CF21C4 /* TheCat+CoreDataClass.swift */,
				6B2150D628FCCE0000CF21C4 /* TheCat+CoreDataProperties.swift */,
			);
			path = CoreDataViewModel;
			sourceTree = "<group>";
		};
		6B445B2928E8EFC500CAAA8C /* PetLoginSubview */ = {
			isa = PBXGroup;
			children = (
				6B8AE3F828E88721006F2039 /* CreateAccountView.swift */,
				6B445B3728EA321900CAAA8C /* MainMessageView.swift */,
				6BF06F9E28EB69690030BFAE /* NewMessageChatView.swift */,
				6BF06FA228EB87820030BFAE /* ChatLoginView.swift */,
			);
			path = PetLoginSubview;
			sourceTree = "<group>";
		};
		6B6F2E5628DF446200D7363B /* PetDetailSubview */ = {
			isa = PBXGroup;
			children = (
				6B20B6D028D9449900E0BE9A /* PetDetailView.swift */,
				6B20B6C428D9449900E0BE9A /* PetDetailRoundedView.swift */,
				6B20B6C328D9449900E0BE9A /* PetDetailDataIconView.swift */,
			);
			path = PetDetailSubview;
			sourceTree = "<group>";
		};
		6B6F2E5928DF453B00D7363B /* HealthSubview */ = {
			isa = PBXGroup;
			children = (
				6B20B6CD28D9449900E0BE9A /* HealthJournalView.swift */,
				6B607C6A28E8EA2400C44D55 /* HealthJournalRowView.swift */,
				6B20B6D528D9449900E0BE9A /* MedicalRecordView.swift */,
				6B20B6D128D9449900E0BE9A /* MedicalRecordRowView.swift */,
			);
			name = HealthSubview;
			path = AnimalSubview/HealthSubview;
			sourceTree = "<group>";
		};
		6B6F2E5B28DF45FA00D7363B /* ToDoListSubview */ = {
			isa = PBXGroup;
			children = (
				6B20B6C628D9449900E0BE9A /* ToDoListView.swift */,
				6B607C6E28E8EA6200C44D55 /* ToDoListRowView.swift */,
				6B20B6CE28D9449900E0BE9A /* NoItemsAddedView.swift */,
				6B20B6C528D9449900E0BE9A /* AddNewItemView.swift */,
			);
			path = ToDoListSubview;
			sourceTree = "<group>";
		};
		6B6F2E5C28DF465C00D7363B /* PetTabSubview */ = {
			isa = PBXGroup;
			children = (
				6B20B6C828D9449900E0BE9A /* PetTabView.swift */,
				6B2150C928FCCD9C00CF21C4 /* TheCatView.swift */,
			);
			path = PetTabSubview;
			sourceTree = "<group>";
		};
		6B6F2E5E28DF856700D7363B /* ViewModel */ = {
			isa = PBXGroup;
			children = (
				6B6F2E5F28DF859000D7363B /* PetViewModel.swift */,
				6B20B6BC28D9448900E0BE9A /* ListViewModel.swift */,
				6BC0536B28F1F1D700436AA6 /* DownloadingImageViewModel.swift */,
				6BF06FA028EB85600030BFAE /* MainMessagesViewModel.swift */,
				6B7F15BE28F9E5E500C4140F /* NewMessageChatViewModel.swift */,
				6B7F15C528F9E7DC00C4140F /* ChatLoginViewModel.swift */,
				6B2150CB28FCCDB600CF21C4 /* TheCatDownloadAsyncViewModel.swift */,
				6B2150CC28FCCDB600CF21C4 /* TheCatFileManagerViewModel.swift */,
				6B2150D328FCCDEB00CF21C4 /* CoreDataViewModel */,
			);
			path = ViewModel;
			sourceTree = "<group>";
		};
		6B6F2E6128DF880B00D7363B /* Extensions */ = {
			isa = PBXGroup;
			children = (
				6B20B6EB28D944A200E0BE9A /* Extensions.swift */,
			);
			path = Extensions;
			sourceTree = "<group>";
		};
		6B6F2E6828DF907400D7363B /* Sounds */ = {
			isa = PBXGroup;
			children = (
				6B6F2E7F28DF934400D7363B /* notification.mp3 */,
				6B6F2E8128DF937500D7363B /* Ding.mp3 */,
			);
			path = Sounds;
			sourceTree = "<group>";
		};
		6B6F2E8328DF970B00D7363B /* Singletons */ = {
			isa = PBXGroup;
			children = (
				6B445B2C28E8FA0700CAAA8C /* ImagePicker.swift */,
				6B6F2E6828DF907400D7363B /* Sounds */,
				6B6F2E6628DF8C5F00D7363B /* SoundManager.swift */,
				6BF06F9C28EB65240030BFAE /* ChatUser.swift */,
			);
			path = Singletons;
			sourceTree = "<group>";
		};
		6B7F15C028F9E68B00C4140F /* FirebaseGroup */ = {
			isa = PBXGroup;
			children = (
				6B7F15C128F9E6D400C4140F /* FirebaseConstants.swift */,
				6B445B3528EA26B200CAAA8C /* FirebaseManager.swift */,
			);
			path = FirebaseGroup;
			sourceTree = "<group>";
		};
		6B7F15C928F9F4A300C4140F /* Utilities */ = {
			isa = PBXGroup;
			children = (
				6B2150CF28FCCDCD00CF21C4 /* DownloadAsyncManager.swift */,
				6B6F2E6128DF880B00D7363B /* Extensions */,
				6B6F2E8328DF970B00D7363B /* Singletons */,
				6BFF055028E0A86C0059712A /* IteratorDesignPartner */,
				6B7F15C028F9E68B00C4140F /* FirebaseGroup */,
			);
			path = Utilities;
			sourceTree = "<group>";
		};
		6B935E8E28F1A47000D06D73 /* LauchScreenSubView */ = {
			isa = PBXGroup;
			children = (
				6B935E8F28F1A48E00D06D73 /* LaunchScreenView.swift */,
			);
			path = LauchScreenSubView;
			sourceTree = "<group>";
		};
		6BB9A2A12904734B008945BF /* Settings */ = {
			isa = PBXGroup;
			children = (
				6BB9A2A229047360008945BF /* SettingsView.swift */,
				6BB9A2A42904772E008945BF /* SettingsRowView.swift */,
			);
			path = Settings;
			sourceTree = "<group>";
		};
		6BD39CBA29060DF5008EA741 /* CapstoneProjectMeowWoof_Tests */ = {
			isa = PBXGroup;
			children = (
				6BD39CBB29060DF5008EA741 /* CapstoneProjectMeowWoof_Tests.swift */,
				6B1DD4C6290622FC0078C487 /* PetViewModel_Tests.swift */,
			);
			path = CapstoneProjectMeowWoof_Tests;
			sourceTree = "<group>";
		};
		6BD39CCB2906178B008EA741 /* CapstoneProjectMeowWoof_UITests */ = {
			isa = PBXGroup;
			children = (
				6BD39CCC2906178B008EA741 /* CapstoneProjectMeowWoof_UITests.swift */,
				6BD39CCE2906178B008EA741 /* CapstoneProjectMeowWoof_UITestsLaunchTests.swift */,
				6BD39CD52906180B008EA741 /* AnimalListView_UITests.swift */,
				6BFB136F2906197900AC8C92 /* CreatePetProcess_UITests.swift */,
				6B1DD4C22906215C0078C487 /* TabView_UITests.swift */,
				6B1DD4C4290621C30078C487 /* ToDoList_UITests.swift */,
			);
			path = CapstoneProjectMeowWoof_UITests;
			sourceTree = "<group>";
		};
		6BFF054728DFB9FC0059712A /* AnimalHomeSubview */ = {
			isa = PBXGroup;
			children = (
				6BFF054828DFBA300059712A /* AddingNameView.swift */,
				6BFF054A28DFCACF0059712A /* PetTypeView.swift */,
				6BFF054C28DFDCE80059712A /* PetTypeRowView.swift */,
				6BFF055128E0DB340059712A /* PhotoHomeView.swift */,
				6B20B6CF28D9449900E0BE9A /* PetListView.swift */,
				6B607C7028E8EA7C00C44D55 /* PetListRowView.swift */,
				6BB9A29929043F35008945BF /* PetGenderView.swift */,
				6BB9A29B29044039008945BF /* PetGenderRowView.swift */,
				6BB9A29D29044DF1008945BF /* PetInfoListView.swift */,
				6BB9A29F29045B65008945BF /* PetFavoritesListView.swift */,
			);
			path = AnimalHomeSubview;
			sourceTree = "<group>";
		};
		6BFF055028E0A86C0059712A /* IteratorDesignPartner */ = {
			isa = PBXGroup;
			children = (
				6BFF054528DFA96D0059712A /* Iterator.swift */,
			);
			path = IteratorDesignPartner;
			sourceTree = "<group>";
		};
/* End PBXGroup section */

/* Begin PBXNativeTarget section */
		6B20B6A128D9445600E0BE9A /* CapstoneProjectMeowWoof */ = {
			isa = PBXNativeTarget;
			buildConfigurationList = 6B20B6B028D9445800E0BE9A /* Build configuration list for PBXNativeTarget "CapstoneProjectMeowWoof" */;
			buildPhases = (
				6B20B69E28D9445600E0BE9A /* Sources */,
				6B20B69F28D9445600E0BE9A /* Frameworks */,
				6B20B6A028D9445600E0BE9A /* Resources */,
			);
			buildRules = (
			);
			dependencies = (
			);
			name = CapstoneProjectMeowWoof;
			packageProductDependencies = (
				6B2150C728FCCD2300CF21C4 /* SDWebImageSwiftUI */,
			);
			productName = CapstoneProjectMeowWoof;
			productReference = 6B20B6A228D9445600E0BE9A /* CapstoneProjectMeowWoof.app */;
			productType = "com.apple.product-type.application";
		};
		6BD39CB829060DF5008EA741 /* CapstoneProjectMeowWoof_Tests */ = {
			isa = PBXNativeTarget;
			buildConfigurationList = 6BD39CBF29060DF5008EA741 /* Build configuration list for PBXNativeTarget "CapstoneProjectMeowWoof_Tests" */;
			buildPhases = (
				6BD39CB529060DF5008EA741 /* Sources */,
				6BD39CB629060DF5008EA741 /* Frameworks */,
				6BD39CB729060DF5008EA741 /* Resources */,
			);
			buildRules = (
			);
			dependencies = (
				6BD39CBE29060DF5008EA741 /* PBXTargetDependency */,
			);
			name = CapstoneProjectMeowWoof_Tests;
			productName = CapstoneProjectMeowWoof_Tests;
			productReference = 6BD39CB929060DF5008EA741 /* CapstoneProjectMeowWoof_Tests.xctest */;
			productType = "com.apple.product-type.bundle.unit-test";
		};
		6BD39CC92906178B008EA741 /* CapstoneProjectMeowWoof_UITests */ = {
			isa = PBXNativeTarget;
			buildConfigurationList = 6BD39CD22906178B008EA741 /* Build configuration list for PBXNativeTarget "CapstoneProjectMeowWoof_UITests" */;
			buildPhases = (
				6BD39CC62906178B008EA741 /* Sources */,
				6BD39CC72906178B008EA741 /* Frameworks */,
				6BD39CC82906178B008EA741 /* Resources */,
			);
			buildRules = (
			);
			dependencies = (
				6BD39CD12906178B008EA741 /* PBXTargetDependency */,
			);
			name = CapstoneProjectMeowWoof_UITests;
			productName = CapstoneProjectMeowWoof_UITests;
			productReference = 6BD39CCA2906178B008EA741 /* CapstoneProjectMeowWoof_UITests.xctest */;
			productType = "com.apple.product-type.bundle.ui-testing";
		};
/* End PBXNativeTarget section */

/* Begin PBXProject section */
		6B20B69A28D9445600E0BE9A /* Project object */ = {
			isa = PBXProject;
			attributes = {
				BuildIndependentTargetsInParallel = 1;
				LastSwiftUpdateCheck = 1320;
				LastUpgradeCheck = 1320;
				TargetAttributes = {
					6B20B6A128D9445600E0BE9A = {
						CreatedOnToolsVersion = 13.2.1;
					};
					6BD39CB829060DF5008EA741 = {
						CreatedOnToolsVersion = 13.2.1;
						TestTargetID = 6B20B6A128D9445600E0BE9A;
					};
					6BD39CC92906178B008EA741 = {
						CreatedOnToolsVersion = 13.2.1;
						TestTargetID = 6B20B6A128D9445600E0BE9A;
					};
				};
			};
			buildConfigurationList = 6B20B69D28D9445600E0BE9A /* Build configuration list for PBXProject "CapstoneProjectMeowWoof" */;
			compatibilityVersion = "Xcode 13.0";
			developmentRegion = en;
			hasScannedForEncodings = 0;
			knownRegions = (
				en,
				Base,
			);
			mainGroup = 6B20B69928D9445600E0BE9A;
			packageReferences = (
				6B2150C628FCCD2300CF21C4 /* XCRemoteSwiftPackageReference "SDWebImageswiftUI" */,
			);
			productRefGroup = 6B20B6A328D9445600E0BE9A /* Products */;
			projectDirPath = "";
			projectRoot = "";
			targets = (
				6B20B6A128D9445600E0BE9A /* CapstoneProjectMeowWoof */,
				6BD39CB829060DF5008EA741 /* CapstoneProjectMeowWoof_Tests */,
				6BD39CC92906178B008EA741 /* CapstoneProjectMeowWoof_UITests */,
			);
		};
/* End PBXProject section */

/* Begin PBXResourcesBuildPhase section */
		6B20B6A028D9445600E0BE9A /* Resources */ = {
			isa = PBXResourcesBuildPhase;
			buildActionMask = 2147483647;
			files = (
				6B6F2E8228DF937500D7363B /* Ding.mp3 in Resources */,
				6B20B6AD28D9445800E0BE9A /* Preview Assets.xcassets in Resources */,
				6B8AE40228E8DE33006F2039 /* GoogleService-Info.plist in Resources */,
				6B20B6AA28D9445800E0BE9A /* Assets.xcassets in Resources */,
				6B6F2E8028DF934400D7363B /* notification.mp3 in Resources */,
			);
			runOnlyForDeploymentPostprocessing = 0;
		};
		6BD39CB729060DF5008EA741 /* Resources */ = {
			isa = PBXResourcesBuildPhase;
			buildActionMask = 2147483647;
			files = (
			);
			runOnlyForDeploymentPostprocessing = 0;
		};
		6BD39CC82906178B008EA741 /* Resources */ = {
			isa = PBXResourcesBuildPhase;
			buildActionMask = 2147483647;
			files = (
			);
			runOnlyForDeploymentPostprocessing = 0;
		};
/* End PBXResourcesBuildPhase section */

/* Begin PBXSourcesBuildPhase section */
		6B20B69E28D9445600E0BE9A /* Sources */ = {
			isa = PBXSourcesBuildPhase;
			buildActionMask = 2147483647;
			files = (
				6B445B3628EA26B200CAAA8C /* FirebaseManager.swift in Sources */,
				6B20B6BB28D9448200E0BE9A /* ItemModel.swift in Sources */,
				6B20B6DB28D9449900E0BE9A /* ToDoListView.swift in Sources */,
				6B20B6B928D9447C00E0BE9A /* TabInfoModel.swift in Sources */,
				6B6F2E6728DF8C5F00D7363B /* SoundManager.swift in Sources */,
				6BFF055228E0DB340059712A /* PhotoHomeView.swift in Sources */,
				6B607C6B28E8EA2400C44D55 /* HealthJournalRowView.swift in Sources */,
				6BF06FA128EB85600030BFAE /* MainMessagesViewModel.swift in Sources */,
				6BF06F9F28EB69690030BFAE /* NewMessageChatView.swift in Sources */,
				6B20B6D828D9449900E0BE9A /* PetDetailDataIconView.swift in Sources */,
				6B445B2D28E8FA0700CAAA8C /* ImagePicker.swift in Sources */,
				6B20B6E228D9449900E0BE9A /* HealthJournalView.swift in Sources */,
				6B7F15BD28F9E3B200C4140F /* MainMessageModel.swift in Sources */,
				6B6F2E6028DF859000D7363B /* PetViewModel.swift in Sources */,
				6B2150D228FCCDD600CF21C4 /* TheCatModel.swift in Sources */,
				6B20B6BD28D9448900E0BE9A /* ListViewModel.swift in Sources */,
				6B935E9228F1A8C000D06D73 /* LaunchScreenManager.swift in Sources */,
				6BF06FA328EB87820030BFAE /* ChatLoginView.swift in Sources */,
				6B20B6DD28D9449900E0BE9A /* PetTabView.swift in Sources */,
				6B607C6F28E8EA6200C44D55 /* ToDoListRowView.swift in Sources */,
				6B20B6EA28D9449900E0BE9A /* MedicalRecordView.swift in Sources */,
				6B2150CE28FCCDB600CF21C4 /* TheCatFileManagerViewModel.swift in Sources */,
				6B7F15C228F9E6D400C4140F /* FirebaseConstants.swift in Sources */,
				6BB9A2A029045B65008945BF /* PetFavoritesListView.swift in Sources */,
				6B2150D028FCCDCD00CF21C4 /* DownloadAsyncManager.swift in Sources */,
				6BFF054B28DFCACF0059712A /* PetTypeView.swift in Sources */,
				6BC0536C28F1F1D700436AA6 /* DownloadingImageViewModel.swift in Sources */,
				6B20B6DA28D9449900E0BE9A /* AddNewItemView.swift in Sources */,
				6B2150CA28FCCD9C00CF21C4 /* TheCatView.swift in Sources */,
				6B607C7128E8EA7C00C44D55 /* PetListRowView.swift in Sources */,
				6BB9A29A29043F35008945BF /* PetGenderView.swift in Sources */,
				6B7F15C628F9E7DC00C4140F /* ChatLoginViewModel.swift in Sources */,
				6B20B6A628D9445600E0BE9A /* CapstoneProjectMeowWoofApp.swift in Sources */,
				6B20B6E628D9449900E0BE9A /* MedicalRecordRowView.swift in Sources */,
				6B20B6D928D9449900E0BE9A /* PetDetailRoundedView.swift in Sources */,
				6B7F15BF28F9E5E500C4140F /* NewMessageChatViewModel.swift in Sources */,
				6BFF054928DFBA300059712A /* AddingNameView.swift in Sources */,
				6BB9A29E29044DF1008945BF /* PetInfoListView.swift in Sources */,
				6BF06F9D28EB65250030BFAE /* ChatUser.swift in Sources */,
				6B2150DA28FCCE0000CF21C4 /* Persistence.swift in Sources */,
				6B20B6B528D9446F00E0BE9A /* PetModel.swift in Sources */,
				6B2150DC28FCCE0000CF21C4 /* TheCat.xcdatamodeld in Sources */,
				6B935E9028F1A48E00D06D73 /* LaunchScreenView.swift in Sources */,
				6B20B6E328D9449900E0BE9A /* NoItemsAddedView.swift in Sources */,
				6B20B6EC28D944A200E0BE9A /* Extensions.swift in Sources */,
				6B2150D928FCCE0000CF21C4 /* TheCat+CoreDataClass.swift in Sources */,
				6B2150DB28FCCE0000CF21C4 /* TheCat+CoreDataProperties.swift in Sources */,
				6BB9A2A329047360008945BF /* SettingsView.swift in Sources */,
				6B20B6B728D9447700E0BE9A /* Helpers.swift in Sources */,
				6B2150CD28FCCDB600CF21C4 /* TheCatDownloadAsyncViewModel.swift in Sources */,
				6B20B6E528D9449900E0BE9A /* PetDetailView.swift in Sources */,
				6BFF054D28DFDCE80059712A /* PetTypeRowView.swift in Sources */,
				6B8AE3F928E88721006F2039 /* CreateAccountView.swift in Sources */,
				6BB9A29C29044039008945BF /* PetGenderRowView.swift in Sources */,
				6B445B3828EA321900CAAA8C /* MainMessageView.swift in Sources */,
				6BFF054628DFA96D0059712A /* Iterator.swift in Sources */,
				6BB9A2A52904772E008945BF /* SettingsRowView.swift in Sources */,
				6B20B6E428D9449900E0BE9A /* PetListView.swift in Sources */,
				6B7F15C428F9E73400C4140F /* ChatMessageModel.swift in Sources */,
			);
			runOnlyForDeploymentPostprocessing = 0;
		};
		6BD39CB529060DF5008EA741 /* Sources */ = {
			isa = PBXSourcesBuildPhase;
			buildActionMask = 2147483647;
			files = (
				6B1DD4C7290622FC0078C487 /* PetViewModel_Tests.swift in Sources */,
				6BD39CBC29060DF5008EA741 /* CapstoneProjectMeowWoof_Tests.swift in Sources */,
			);
			runOnlyForDeploymentPostprocessing = 0;
		};
		6BD39CC62906178B008EA741 /* Sources */ = {
			isa = PBXSourcesBuildPhase;
			buildActionMask = 2147483647;
			files = (
				6BD39CCF2906178B008EA741 /* CapstoneProjectMeowWoof_UITestsLaunchTests.swift in Sources */,
				6B1DD4C5290621C30078C487 /* ToDoList_UITests.swift in Sources */,
				6BFB13702906197900AC8C92 /* CreatePetProcess_UITests.swift in Sources */,
				6BD39CD62906180B008EA741 /* AnimalListView_UITests.swift in Sources */,
				6B1DD4C32906215C0078C487 /* TabView_UITests.swift in Sources */,
				6BD39CCD2906178B008EA741 /* CapstoneProjectMeowWoof_UITests.swift in Sources */,
			);
			runOnlyForDeploymentPostprocessing = 0;
		};
/* End PBXSourcesBuildPhase section */

/* Begin PBXTargetDependency section */
		6BD39CBE29060DF5008EA741 /* PBXTargetDependency */ = {
			isa = PBXTargetDependency;
			target = 6B20B6A128D9445600E0BE9A /* CapstoneProjectMeowWoof */;
			targetProxy = 6BD39CBD29060DF5008EA741 /* PBXContainerItemProxy */;
		};
		6BD39CD12906178B008EA741 /* PBXTargetDependency */ = {
			isa = PBXTargetDependency;
			target = 6B20B6A128D9445600E0BE9A /* CapstoneProjectMeowWoof */;
			targetProxy = 6BD39CD02906178B008EA741 /* PBXContainerItemProxy */;
		};
/* End PBXTargetDependency section */

/* Begin XCBuildConfiguration section */
		6B20B6AE28D9445800E0BE9A /* Debug */ = {
			isa = XCBuildConfiguration;
			buildSettings = {
				ALWAYS_SEARCH_USER_PATHS = NO;
				CLANG_ANALYZER_NONNULL = YES;
				CLANG_ANALYZER_NUMBER_OBJECT_CONVERSION = YES_AGGRESSIVE;
				CLANG_CXX_LANGUAGE_STANDARD = "gnu++17";
				CLANG_CXX_LIBRARY = "libc++";
				CLANG_ENABLE_MODULES = YES;
				CLANG_ENABLE_OBJC_ARC = YES;
				CLANG_ENABLE_OBJC_WEAK = YES;
				CLANG_WARN_BLOCK_CAPTURE_AUTORELEASING = YES;
				CLANG_WARN_BOOL_CONVERSION = YES;
				CLANG_WARN_COMMA = YES;
				CLANG_WARN_CONSTANT_CONVERSION = YES;
				CLANG_WARN_DEPRECATED_OBJC_IMPLEMENTATIONS = YES;
				CLANG_WARN_DIRECT_OBJC_ISA_USAGE = YES_ERROR;
				CLANG_WARN_DOCUMENTATION_COMMENTS = YES;
				CLANG_WARN_EMPTY_BODY = YES;
				CLANG_WARN_ENUM_CONVERSION = YES;
				CLANG_WARN_INFINITE_RECURSION = YES;
				CLANG_WARN_INT_CONVERSION = YES;
				CLANG_WARN_NON_LITERAL_NULL_CONVERSION = YES;
				CLANG_WARN_OBJC_IMPLICIT_RETAIN_SELF = YES;
				CLANG_WARN_OBJC_LITERAL_CONVERSION = YES;
				CLANG_WARN_OBJC_ROOT_CLASS = YES_ERROR;
				CLANG_WARN_QUOTED_INCLUDE_IN_FRAMEWORK_HEADER = YES;
				CLANG_WARN_RANGE_LOOP_ANALYSIS = YES;
				CLANG_WARN_STRICT_PROTOTYPES = YES;
				CLANG_WARN_SUSPICIOUS_MOVE = YES;
				CLANG_WARN_UNGUARDED_AVAILABILITY = YES_AGGRESSIVE;
				CLANG_WARN_UNREACHABLE_CODE = YES;
				CLANG_WARN__DUPLICATE_METHOD_MATCH = YES;
				COPY_PHASE_STRIP = NO;
				DEBUG_INFORMATION_FORMAT = dwarf;
				ENABLE_STRICT_OBJC_MSGSEND = YES;
				ENABLE_TESTABILITY = YES;
				GCC_C_LANGUAGE_STANDARD = gnu11;
				GCC_DYNAMIC_NO_PIC = NO;
				GCC_NO_COMMON_BLOCKS = YES;
				GCC_OPTIMIZATION_LEVEL = 0;
				GCC_PREPROCESSOR_DEFINITIONS = (
					"DEBUG=1",
					"$(inherited)",
				);
				GCC_WARN_64_TO_32_BIT_CONVERSION = YES;
				GCC_WARN_ABOUT_RETURN_TYPE = YES_ERROR;
				GCC_WARN_UNDECLARED_SELECTOR = YES;
				GCC_WARN_UNINITIALIZED_AUTOS = YES_AGGRESSIVE;
				GCC_WARN_UNUSED_FUNCTION = YES;
				GCC_WARN_UNUSED_VARIABLE = YES;
				IPHONEOS_DEPLOYMENT_TARGET = 15.2;
				MTL_ENABLE_DEBUG_INFO = INCLUDE_SOURCE;
				MTL_FAST_MATH = YES;
				ONLY_ACTIVE_ARCH = YES;
				SDKROOT = iphoneos;
				SWIFT_ACTIVE_COMPILATION_CONDITIONS = DEBUG;
				SWIFT_OPTIMIZATION_LEVEL = "-Onone";
			};
			name = Debug;
		};
		6B20B6AF28D9445800E0BE9A /* Release */ = {
			isa = XCBuildConfiguration;
			buildSettings = {
				ALWAYS_SEARCH_USER_PATHS = NO;
				CLANG_ANALYZER_NONNULL = YES;
				CLANG_ANALYZER_NUMBER_OBJECT_CONVERSION = YES_AGGRESSIVE;
				CLANG_CXX_LANGUAGE_STANDARD = "gnu++17";
				CLANG_CXX_LIBRARY = "libc++";
				CLANG_ENABLE_MODULES = YES;
				CLANG_ENABLE_OBJC_ARC = YES;
				CLANG_ENABLE_OBJC_WEAK = YES;
				CLANG_WARN_BLOCK_CAPTURE_AUTORELEASING = YES;
				CLANG_WARN_BOOL_CONVERSION = YES;
				CLANG_WARN_COMMA = YES;
				CLANG_WARN_CONSTANT_CONVERSION = YES;
				CLANG_WARN_DEPRECATED_OBJC_IMPLEMENTATIONS = YES;
				CLANG_WARN_DIRECT_OBJC_ISA_USAGE = YES_ERROR;
				CLANG_WARN_DOCUMENTATION_COMMENTS = YES;
				CLANG_WARN_EMPTY_BODY = YES;
				CLANG_WARN_ENUM_CONVERSION = YES;
				CLANG_WARN_INFINITE_RECURSION = YES;
				CLANG_WARN_INT_CONVERSION = YES;
				CLANG_WARN_NON_LITERAL_NULL_CONVERSION = YES;
				CLANG_WARN_OBJC_IMPLICIT_RETAIN_SELF = YES;
				CLANG_WARN_OBJC_LITERAL_CONVERSION = YES;
				CLANG_WARN_OBJC_ROOT_CLASS = YES_ERROR;
				CLANG_WARN_QUOTED_INCLUDE_IN_FRAMEWORK_HEADER = YES;
				CLANG_WARN_RANGE_LOOP_ANALYSIS = YES;
				CLANG_WARN_STRICT_PROTOTYPES = YES;
				CLANG_WARN_SUSPICIOUS_MOVE = YES;
				CLANG_WARN_UNGUARDED_AVAILABILITY = YES_AGGRESSIVE;
				CLANG_WARN_UNREACHABLE_CODE = YES;
				CLANG_WARN__DUPLICATE_METHOD_MATCH = YES;
				COPY_PHASE_STRIP = NO;
				DEBUG_INFORMATION_FORMAT = "dwarf-with-dsym";
				ENABLE_NS_ASSERTIONS = NO;
				ENABLE_STRICT_OBJC_MSGSEND = YES;
				GCC_C_LANGUAGE_STANDARD = gnu11;
				GCC_NO_COMMON_BLOCKS = YES;
				GCC_WARN_64_TO_32_BIT_CONVERSION = YES;
				GCC_WARN_ABOUT_RETURN_TYPE = YES_ERROR;
				GCC_WARN_UNDECLARED_SELECTOR = YES;
				GCC_WARN_UNINITIALIZED_AUTOS = YES_AGGRESSIVE;
				GCC_WARN_UNUSED_FUNCTION = YES;
				GCC_WARN_UNUSED_VARIABLE = YES;
				IPHONEOS_DEPLOYMENT_TARGET = 15.2;
				MTL_ENABLE_DEBUG_INFO = NO;
				MTL_FAST_MATH = YES;
				SDKROOT = iphoneos;
				SWIFT_COMPILATION_MODE = wholemodule;
				SWIFT_OPTIMIZATION_LEVEL = "-O";
				VALIDATE_PRODUCT = YES;
			};
			name = Release;
		};
		6B20B6B128D9445800E0BE9A /* Debug */ = {
			isa = XCBuildConfiguration;
			buildSettings = {
				ASSETCATALOG_COMPILER_GLOBAL_ACCENT_COLOR_NAME = AccentColor;
				ASSETCATALOG_COMPILER_INCLUDE_ALL_APPICON_ASSETS = NO;
				CODE_SIGN_STYLE = Automatic;
				CURRENT_PROJECT_VERSION = 1;
				DEVELOPMENT_ASSET_PATHS = "\"CapstoneProjectMeowWoof/Preview Content\"";
				DEVELOPMENT_TEAM = 33T4V24A4D;
				ENABLE_PREVIEWS = YES;
				GENERATE_INFOPLIST_FILE = YES;
				INFOPLIST_FILE = CapstoneProjectMeowWoof/Info.plist;
				INFOPLIST_KEY_UIApplicationSceneManifest_Generation = YES;
				INFOPLIST_KEY_UIApplicationSupportsIndirectInputEvents = YES;
				INFOPLIST_KEY_UISupportedInterfaceOrientations_iPad = "UIInterfaceOrientationPortrait UIInterfaceOrientationPortraitUpsideDown UIInterfaceOrientationLandscapeLeft UIInterfaceOrientationLandscapeRight";
				INFOPLIST_KEY_UISupportedInterfaceOrientations_iPhone = "UIInterfaceOrientationPortrait UIInterfaceOrientationLandscapeLeft UIInterfaceOrientationLandscapeRight";
				LD_RUNPATH_SEARCH_PATHS = (
					"$(inherited)",
					"@executable_path/Frameworks",
				);
				MARKETING_VERSION = 1.0;
				PRODUCT_BUNDLE_IDENTIFIER = "com.codewithluane.swift-demo.CapstoneProjectMeowWoof";
				PRODUCT_NAME = "$(TARGET_NAME)";
				SWIFT_EMIT_LOC_STRINGS = YES;
				SWIFT_VERSION = 5.0;
				TARGETED_DEVICE_FAMILY = "1,2";
			};
			name = Debug;
		};
		6B20B6B228D9445800E0BE9A /* Release */ = {
			isa = XCBuildConfiguration;
			buildSettings = {
				ASSETCATALOG_COMPILER_GLOBAL_ACCENT_COLOR_NAME = AccentColor;
				ASSETCATALOG_COMPILER_INCLUDE_ALL_APPICON_ASSETS = NO;
				CODE_SIGN_STYLE = Automatic;
				CURRENT_PROJECT_VERSION = 1;
				DEVELOPMENT_ASSET_PATHS = "\"CapstoneProjectMeowWoof/Preview Content\"";
				DEVELOPMENT_TEAM = 33T4V24A4D;
				ENABLE_PREVIEWS = YES;
				GENERATE_INFOPLIST_FILE = YES;
				INFOPLIST_FILE = CapstoneProjectMeowWoof/Info.plist;
				INFOPLIST_KEY_UIApplicationSceneManifest_Generation = YES;
				INFOPLIST_KEY_UIApplicationSupportsIndirectInputEvents = YES;
				INFOPLIST_KEY_UISupportedInterfaceOrientations_iPad = "UIInterfaceOrientationPortrait UIInterfaceOrientationPortraitUpsideDown UIInterfaceOrientationLandscapeLeft UIInterfaceOrientationLandscapeRight";
				INFOPLIST_KEY_UISupportedInterfaceOrientations_iPhone = "UIInterfaceOrientationPortrait UIInterfaceOrientationLandscapeLeft UIInterfaceOrientationLandscapeRight";
				LD_RUNPATH_SEARCH_PATHS = (
					"$(inherited)",
					"@executable_path/Frameworks",
				);
				MARKETING_VERSION = 1.0;
				PRODUCT_BUNDLE_IDENTIFIER = "com.codewithluane.swift-demo.CapstoneProjectMeowWoof";
				PRODUCT_NAME = "$(TARGET_NAME)";
				SWIFT_EMIT_LOC_STRINGS = YES;
				SWIFT_VERSION = 5.0;
				TARGETED_DEVICE_FAMILY = "1,2";
			};
			name = Release;
		};
		6BD39CC029060DF5008EA741 /* Debug */ = {
			isa = XCBuildConfiguration;
			buildSettings = {
				BUNDLE_LOADER = "$(TEST_HOST)";
				CODE_SIGN_STYLE = Automatic;
				CURRENT_PROJECT_VERSION = 1;
				DEVELOPMENT_TEAM = 33T4V24A4D;
				GENERATE_INFOPLIST_FILE = YES;
				MARKETING_VERSION = 1.0;
				PRODUCT_BUNDLE_IDENTIFIER = "com.codewithluane.swift-demo.CapstoneProjectMeowWoof-Tests";
				PRODUCT_NAME = "$(TARGET_NAME)";
				SWIFT_EMIT_LOC_STRINGS = NO;
				SWIFT_VERSION = 5.0;
				TARGETED_DEVICE_FAMILY = "1,2";
				TEST_HOST = "$(BUILT_PRODUCTS_DIR)/CapstoneProjectMeowWoof.app/CapstoneProjectMeowWoof";
			};
			name = Debug;
		};
		6BD39CC129060DF5008EA741 /* Release */ = {
			isa = XCBuildConfiguration;
			buildSettings = {
				BUNDLE_LOADER = "$(TEST_HOST)";
				CODE_SIGN_STYLE = Automatic;
				CURRENT_PROJECT_VERSION = 1;
				DEVELOPMENT_TEAM = 33T4V24A4D;
				GENERATE_INFOPLIST_FILE = YES;
				MARKETING_VERSION = 1.0;
				PRODUCT_BUNDLE_IDENTIFIER = "com.codewithluane.swift-demo.CapstoneProjectMeowWoof-Tests";
				PRODUCT_NAME = "$(TARGET_NAME)";
				SWIFT_EMIT_LOC_STRINGS = NO;
				SWIFT_VERSION = 5.0;
				TARGETED_DEVICE_FAMILY = "1,2";
				TEST_HOST = "$(BUILT_PRODUCTS_DIR)/CapstoneProjectMeowWoof.app/CapstoneProjectMeowWoof";
			};
			name = Release;
		};
		6BD39CD32906178B008EA741 /* Debug */ = {
			isa = XCBuildConfiguration;
			buildSettings = {
				CODE_SIGN_STYLE = Automatic;
				CURRENT_PROJECT_VERSION = 1;
				DEVELOPMENT_TEAM = 33T4V24A4D;
				GENERATE_INFOPLIST_FILE = YES;
				MARKETING_VERSION = 1.0;
				PRODUCT_BUNDLE_IDENTIFIER = "com.codewithluane.swift-demo.CapstoneProjectMeowWoof-UITests";
				PRODUCT_NAME = "$(TARGET_NAME)";
				SWIFT_EMIT_LOC_STRINGS = NO;
				SWIFT_VERSION = 5.0;
				TARGETED_DEVICE_FAMILY = "1,2";
				TEST_TARGET_NAME = CapstoneProjectMeowWoof;
			};
			name = Debug;
		};
		6BD39CD42906178B008EA741 /* Release */ = {
			isa = XCBuildConfiguration;
			buildSettings = {
				CODE_SIGN_STYLE = Automatic;
				CURRENT_PROJECT_VERSION = 1;
				DEVELOPMENT_TEAM = 33T4V24A4D;
				GENERATE_INFOPLIST_FILE = YES;
				MARKETING_VERSION = 1.0;
				PRODUCT_BUNDLE_IDENTIFIER = "com.codewithluane.swift-demo.CapstoneProjectMeowWoof-UITests";
				PRODUCT_NAME = "$(TARGET_NAME)";
				SWIFT_EMIT_LOC_STRINGS = NO;
				SWIFT_VERSION = 5.0;
				TARGETED_DEVICE_FAMILY = "1,2";
				TEST_TARGET_NAME = CapstoneProjectMeowWoof;
			};
			name = Release;
		};
/* End XCBuildConfiguration section */

/* Begin XCConfigurationList section */
		6B20B69D28D9445600E0BE9A /* Build configuration list for PBXProject "CapstoneProjectMeowWoof" */ = {
			isa = XCConfigurationList;
			buildConfigurations = (
				6B20B6AE28D9445800E0BE9A /* Debug */,
				6B20B6AF28D9445800E0BE9A /* Release */,
			);
			defaultConfigurationIsVisible = 0;
			defaultConfigurationName = Release;
		};
		6B20B6B028D9445800E0BE9A /* Build configuration list for PBXNativeTarget "CapstoneProjectMeowWoof" */ = {
			isa = XCConfigurationList;
			buildConfigurations = (
				6B20B6B128D9445800E0BE9A /* Debug */,
				6B20B6B228D9445800E0BE9A /* Release */,
			);
			defaultConfigurationIsVisible = 0;
			defaultConfigurationName = Release;
		};
		6BD39CBF29060DF5008EA741 /* Build configuration list for PBXNativeTarget "CapstoneProjectMeowWoof_Tests" */ = {
			isa = XCConfigurationList;
			buildConfigurations = (
				6BD39CC029060DF5008EA741 /* Debug */,
				6BD39CC129060DF5008EA741 /* Release */,
			);
			defaultConfigurationIsVisible = 0;
			defaultConfigurationName = Release;
		};
		6BD39CD22906178B008EA741 /* Build configuration list for PBXNativeTarget "CapstoneProjectMeowWoof_UITests" */ = {
			isa = XCConfigurationList;
			buildConfigurations = (
				6BD39CD32906178B008EA741 /* Debug */,
				6BD39CD42906178B008EA741 /* Release */,
			);
			defaultConfigurationIsVisible = 0;
			defaultConfigurationName = Release;
		};
/* End XCConfigurationList section */

/* Begin XCRemoteSwiftPackageReference section */
		6B2150C628FCCD2300CF21C4 /* XCRemoteSwiftPackageReference "SDWebImageswiftUI" */ = {
			isa = XCRemoteSwiftPackageReference;
			repositoryURL = "https://github.com/SDWebImage/SDWebImageswiftUI";
			requirement = {
				branch = master;
				kind = branch;
			};
		};
/* End XCRemoteSwiftPackageReference section */

/* Begin XCSwiftPackageProductDependency section */
		6B2150C728FCCD2300CF21C4 /* SDWebImageSwiftUI */ = {
			isa = XCSwiftPackageProductDependency;
			package = 6B2150C628FCCD2300CF21C4 /* XCRemoteSwiftPackageReference "SDWebImageswiftUI" */;
			productName = SDWebImageSwiftUI;
		};
/* End XCSwiftPackageProductDependency section */

/* Begin XCVersionGroup section */
		6B2150D728FCCE0000CF21C4 /* TheCat.xcdatamodeld */ = {
			isa = XCVersionGroup;
			children = (
				6B2150D828FCCE0000CF21C4 /* TheCat.xcdatamodel */,
			);
			currentVersion = 6B2150D828FCCE0000CF21C4 /* TheCat.xcdatamodel */;
			path = TheCat.xcdatamodeld;
			sourceTree = "<group>";
			versionGroupType = wrapper.xcdatamodel;
		};
/* End XCVersionGroup section */
	};
	rootObject = 6B20B69A28D9445600E0BE9A /* Project object */;
}
